
Microsoft Visual Studio Solution File, Format Version 12.00
# Visual Studio Version 16
VisualStudioVersion = 16.0.28803.540
MinimumVisualStudioVersion = 10.0.40219.1
Project("{FAE04EC0-301F-11D3-BF4B-00C04F79EFBC}") = "XenetaWebApp.Tests", "XenetaWebApp.Tests\XenetaWebApp.Tests.csproj", "{72AAD5B0-FF9E-4A6B-8297-345E20EF3ECD}"
EndProject
Global
	GlobalSection(SolutionConfigurationPlatforms) = preSolution
		Debug|Any CPU = Debug|Any CPU
		Release|Any CPU = Release|Any CPU
	EndGlobalSection
	GlobalSection(ProjectConfigurationPlatforms) = postSolution
		{72AAD5B0-FF9E-4A6B-8297-345E20EF3ECD}.Debug|Any CPU.ActiveCfg = Debug|Any CPU
		{72AAD5B0-FF9E-4A6B-8297-345E20EF3ECD}.Debug|Any CPU.Build.0 = Debug|Any CPU
		{72AAD5B0-FF9E-4A6B-8297-345E20EF3ECD}.Release|Any CPU.ActiveCfg = Release|Any CPU
		{72AAD5B0-FF9E-4A6B-8297-345E20EF3ECD}.Release|Any CPU.Build.0 = Release|Any CPU
	EndGlobalSection
	GlobalSection(SolutionProperties) = preSolution
		HideSolutionNode = FALSE
	EndGlobalSection
	GlobalSection(ExtensibilityGlobals) = postSolution
		SolutionGuid = {F822C751-322B-4034-BD98-D86E5A912683}
	EndGlobalSection
EndGlobal
